
Microsoft Visual Studio Solution File, Format Version 10.00
# Visual Studio 2008
Project("{FAE04EC0-301F-11D3-BF4B-00C04F79EFBC}") = "SubCentral", "SubCentral\SubCentral.csproj", "{7532711D-827C-4CFE-A499-EE68DBB31F41}"
EndProject
Project("{FAE04EC0-301F-11D3-BF4B-00C04F79EFBC}") = "SubCentralConfigTester", "SubCentralConfigTester\SubCentralConfigTester.csproj", "{7A590A66-ACB8-4D0B-8155-908E09B40ACF}"
EndProject
Project("{FAE04EC0-301F-11D3-BF4B-00C04F79EFBC}") = "MovingPictures", "Moving Pictures\MovingPictures\MovingPictures.csproj", "{443F8F2C-44D2-47FB-B552-636664C8EC53}"
EndProject
Project("{FAE04EC0-301F-11D3-BF4B-00C04F79EFBC}") = "Cornerstone", "Moving Pictures\Cornerstone\Cornerstone.csproj", "{14201B8D-31C3-4FB5-9356-9485676C147B}"
EndProject
Project("{FAE04EC0-301F-11D3-BF4B-00C04F79EFBC}") = "Cornerstone.MP", "Moving Pictures\Cornerstone.MP\Cornerstone.MP.csproj", "{77C78161-3206-45FD-A419-60218F3354C0}"
EndProject
Project("{2150E333-8FDC-42A3-9474-1A3956D46DE8}") = "Moving Pictures", "Moving Pictures", "{1E624E11-DCBE-4918-986C-7BD22EFA705A}"
EndProject
Project("{2150E333-8FDC-42A3-9474-1A3956D46DE8}") = "MediaPortal", "MediaPortal", "{5E839D1D-0F2E-49D2-B002-2E42C0638BD8}"
EndProject
Project("{FAE04EC0-301F-11D3-BF4B-00C04F79EFBC}") = "Core", "MediaPortal\Core\Core.csproj", "{02FFFC1F-2555-4B99-8B01-3432D0673855}"
EndProject
Project("{FAE04EC0-301F-11D3-BF4B-00C04F79EFBC}") = "Dialogs", "MediaPortal\Dialogs\Dialogs.csproj", "{396C5208-5D46-4A11-92C1-FD0F2F42D7DD}"
EndProject
Project("{FAE04EC0-301F-11D3-BF4B-00C04F79EFBC}") = "Utils", "MediaPortal\Utils\Utils.csproj", "{6DA0E4DF-6230-4642-98B5-E690BB6942BB}"
EndProject
Project("{FAE04EC0-301F-11D3-BF4B-00C04F79EFBC}") = "RemotePlugins", "MediaPortal\RemotePlugins\RemotePlugins.csproj", "{0A234721-1F13-4DF8-9B1E-64D9E3111203}"
EndProject
Project("{FAE04EC0-301F-11D3-BF4B-00C04F79EFBC}") = "DirectShowLib", "MediaPortal\DirectShowLib\DirectShowLib.csproj", "{CE009BFA-5EF6-4153-B2A1-2FA79698A9AE}"
EndProject
Project("{FAE04EC0-301F-11D3-BF4B-00C04F79EFBC}") = "Databases", "MediaPortal\Databases\Databases.csproj", "{C1BCEC3E-6074-4328-B5D9-391A457C8FFB}"
EndProject
Project("{FAE04EC0-301F-11D3-BF4B-00C04F79EFBC}") = "MediaPortal.Support", "MediaPortal\MediaPortal.Support\MediaPortal.Support.csproj", "{BD4A3413-C9F9-4299-BB52-ED45027EE7CC}"
EndProject
Global
	GlobalSection(SolutionConfigurationPlatforms) = preSolution
		Debug|Any CPU = Debug|Any CPU
		Debug|x86 = Debug|x86
		Release (Standalone)|Any CPU = Release (Standalone)|Any CPU
		Release (Standalone)|x86 = Release (Standalone)|x86
		Release|Any CPU = Release|Any CPU
		Release|x86 = Release|x86
		UseCaptureCardDefinitions|Any CPU = UseCaptureCardDefinitions|Any CPU
		UseCaptureCardDefinitions|x86 = UseCaptureCardDefinitions|x86
		UseCaptureDefintionsRelease|Any CPU = UseCaptureDefintionsRelease|Any CPU
		UseCaptureDefintionsRelease|x86 = UseCaptureDefintionsRelease|x86
	EndGlobalSection
	GlobalSection(ProjectConfigurationPlatforms) = postSolution
		{7532711D-827C-4CFE-A499-EE68DBB31F41}.Debug|Any CPU.ActiveCfg = Debug|Any CPU
		{7532711D-827C-4CFE-A499-EE68DBB31F41}.Debug|Any CPU.Build.0 = Debug|Any CPU
		{7532711D-827C-4CFE-A499-EE68DBB31F41}.Debug|x86.ActiveCfg = Debug|Any CPU
		{7532711D-827C-4CFE-A499-EE68DBB31F41}.Release (Standalone)|Any CPU.ActiveCfg = Release|Any CPU
		{7532711D-827C-4CFE-A499-EE68DBB31F41}.Release (Standalone)|Any CPU.Build.0 = Release|Any CPU
		{7532711D-827C-4CFE-A499-EE68DBB31F41}.Release (Standalone)|x86.ActiveCfg = Release|Any CPU
		{7532711D-827C-4CFE-A499-EE68DBB31F41}.Release|Any CPU.ActiveCfg = Release|Any CPU
		{7532711D-827C-4CFE-A499-EE68DBB31F41}.Release|Any CPU.Build.0 = Release|Any CPU
		{7532711D-827C-4CFE-A499-EE68DBB31F41}.Release|x86.ActiveCfg = Release|Any CPU
		{7532711D-827C-4CFE-A499-EE68DBB31F41}.UseCaptureCardDefinitions|Any CPU.ActiveCfg = Release|Any CPU
		{7532711D-827C-4CFE-A499-EE68DBB31F41}.UseCaptureCardDefinitions|Any CPU.Build.0 = Release|Any CPU
		{7532711D-827C-4CFE-A499-EE68DBB31F41}.UseCaptureCardDefinitions|x86.ActiveCfg = Release|Any CPU
		{7532711D-827C-4CFE-A499-EE68DBB31F41}.UseCaptureDefintionsRelease|Any CPU.ActiveCfg = Release|Any CPU
		{7532711D-827C-4CFE-A499-EE68DBB31F41}.UseCaptureDefintionsRelease|Any CPU.Build.0 = Release|Any CPU
		{7532711D-827C-4CFE-A499-EE68DBB31F41}.UseCaptureDefintionsRelease|x86.ActiveCfg = Release|Any CPU
		{7A590A66-ACB8-4D0B-8155-908E09B40ACF}.Debug|Any CPU.ActiveCfg = Debug|Any CPU
		{7A590A66-ACB8-4D0B-8155-908E09B40ACF}.Debug|Any CPU.Build.0 = Debug|Any CPU
		{7A590A66-ACB8-4D0B-8155-908E09B40ACF}.Debug|x86.ActiveCfg = Debug|Any CPU
		{7A590A66-ACB8-4D0B-8155-908E09B40ACF}.Release (Standalone)|Any CPU.ActiveCfg = Release|Any CPU
		{7A590A66-ACB8-4D0B-8155-908E09B40ACF}.Release (Standalone)|Any CPU.Build.0 = Release|Any CPU
		{7A590A66-ACB8-4D0B-8155-908E09B40ACF}.Release (Standalone)|x86.ActiveCfg = Release|Any CPU
		{7A590A66-ACB8-4D0B-8155-908E09B40ACF}.Release|Any CPU.ActiveCfg = Release|Any CPU
		{7A590A66-ACB8-4D0B-8155-908E09B40ACF}.Release|Any CPU.Build.0 = Release|Any CPU
		{7A590A66-ACB8-4D0B-8155-908E09B40ACF}.Release|x86.ActiveCfg = Release|Any CPU
		{7A590A66-ACB8-4D0B-8155-908E09B40ACF}.UseCaptureCardDefinitions|Any CPU.ActiveCfg = Release|Any CPU
		{7A590A66-ACB8-4D0B-8155-908E09B40ACF}.UseCaptureCardDefinitions|Any CPU.Build.0 = Release|Any CPU
		{7A590A66-ACB8-4D0B-8155-908E09B40ACF}.UseCaptureCardDefinitions|x86.ActiveCfg = Release|Any CPU
		{7A590A66-ACB8-4D0B-8155-908E09B40ACF}.UseCaptureDefintionsRelease|Any CPU.ActiveCfg = Release|Any CPU
		{7A590A66-ACB8-4D0B-8155-908E09B40ACF}.UseCaptureDefintionsRelease|Any CPU.Build.0 = Release|Any CPU
		{7A590A66-ACB8-4D0B-8155-908E09B40ACF}.UseCaptureDefintionsRelease|x86.ActiveCfg = Release|Any CPU
		{443F8F2C-44D2-47FB-B552-636664C8EC53}.Debug|Any CPU.ActiveCfg = Debug|Any CPU
		{443F8F2C-44D2-47FB-B552-636664C8EC53}.Debug|Any CPU.Build.0 = Debug|Any CPU
		{443F8F2C-44D2-47FB-B552-636664C8EC53}.Debug|x86.ActiveCfg = Debug|Any CPU
		{443F8F2C-44D2-47FB-B552-636664C8EC53}.Release (Standalone)|Any CPU.ActiveCfg = Release|Any CPU
		{443F8F2C-44D2-47FB-B552-636664C8EC53}.Release (Standalone)|Any CPU.Build.0 = Release|Any CPU
		{443F8F2C-44D2-47FB-B552-636664C8EC53}.Release (Standalone)|x86.ActiveCfg = Release|Any CPU
		{443F8F2C-44D2-47FB-B552-636664C8EC53}.Release|Any CPU.ActiveCfg = Release|Any CPU
		{443F8F2C-44D2-47FB-B552-636664C8EC53}.Release|Any CPU.Build.0 = Release|Any CPU
		{443F8F2C-44D2-47FB-B552-636664C8EC53}.Release|x86.ActiveCfg = Release|Any CPU
		{443F8F2C-44D2-47FB-B552-636664C8EC53}.UseCaptureCardDefinitions|Any CPU.ActiveCfg = Release|Any CPU
		{443F8F2C-44D2-47FB-B552-636664C8EC53}.UseCaptureCardDefinitions|Any CPU.Build.0 = Release|Any CPU
		{443F8F2C-44D2-47FB-B552-636664C8EC53}.UseCaptureCardDefinitions|x86.ActiveCfg = Release|Any CPU
		{443F8F2C-44D2-47FB-B552-636664C8EC53}.UseCaptureDefintionsRelease|Any CPU.ActiveCfg = Release|Any CPU
		{443F8F2C-44D2-47FB-B552-636664C8EC53}.UseCaptureDefintionsRelease|Any CPU.Build.0 = Release|Any CPU
		{443F8F2C-44D2-47FB-B552-636664C8EC53}.UseCaptureDefintionsRelease|x86.ActiveCfg = Release|Any CPU
		{14201B8D-31C3-4FB5-9356-9485676C147B}.Debug|Any CPU.ActiveCfg = Debug|Any CPU
		{14201B8D-31C3-4FB5-9356-9485676C147B}.Debug|Any CPU.Build.0 = Debug|Any CPU
		{14201B8D-31C3-4FB5-9356-9485676C147B}.Debug|x86.ActiveCfg = Debug|x86
		{14201B8D-31C3-4FB5-9356-9485676C147B}.Debug|x86.Build.0 = Debug|x86
		{14201B8D-31C3-4FB5-9356-9485676C147B}.Release (Standalone)|Any CPU.ActiveCfg = Release|x86
		{14201B8D-31C3-4FB5-9356-9485676C147B}.Release (Standalone)|x86.ActiveCfg = Release|x86
		{14201B8D-31C3-4FB5-9356-9485676C147B}.Release (Standalone)|x86.Build.0 = Release|x86
		{14201B8D-31C3-4FB5-9356-9485676C147B}.Release|Any CPU.ActiveCfg = Release|Any CPU
		{14201B8D-31C3-4FB5-9356-9485676C147B}.Release|Any CPU.Build.0 = Release|Any CPU
		{14201B8D-31C3-4FB5-9356-9485676C147B}.Release|x86.ActiveCfg = Release|x86
		{14201B8D-31C3-4FB5-9356-9485676C147B}.Release|x86.Build.0 = Release|x86
		{14201B8D-31C3-4FB5-9356-9485676C147B}.UseCaptureCardDefinitions|Any CPU.ActiveCfg = Release|x86
		{14201B8D-31C3-4FB5-9356-9485676C147B}.UseCaptureCardDefinitions|x86.ActiveCfg = Release|x86
		{14201B8D-31C3-4FB5-9356-9485676C147B}.UseCaptureCardDefinitions|x86.Build.0 = Release|x86
		{14201B8D-31C3-4FB5-9356-9485676C147B}.UseCaptureDefintionsRelease|Any CPU.ActiveCfg = Release|Any CPU
		{14201B8D-31C3-4FB5-9356-9485676C147B}.UseCaptureDefintionsRelease|Any CPU.Build.0 = Release|Any CPU
		{14201B8D-31C3-4FB5-9356-9485676C147B}.UseCaptureDefintionsRelease|x86.ActiveCfg = Release|x86
		{14201B8D-31C3-4FB5-9356-9485676C147B}.UseCaptureDefintionsRelease|x86.Build.0 = Release|x86
		{77C78161-3206-45FD-A419-60218F3354C0}.Debug|Any CPU.ActiveCfg = Debug|Any CPU
		{77C78161-3206-45FD-A419-60218F3354C0}.Debug|Any CPU.Build.0 = Debug|Any CPU
		{77C78161-3206-45FD-A419-60218F3354C0}.Debug|x86.ActiveCfg = Debug|Any CPU
		{77C78161-3206-45FD-A419-60218F3354C0}.Release (Standalone)|Any CPU.ActiveCfg = Release|Any CPU
		{77C78161-3206-45FD-A419-60218F3354C0}.Release (Standalone)|Any CPU.Build.0 = Release|Any CPU
		{77C78161-3206-45FD-A419-60218F3354C0}.Release (Standalone)|x86.ActiveCfg = Release|Any CPU
		{77C78161-3206-45FD-A419-60218F3354C0}.Release|Any CPU.ActiveCfg = Release|Any CPU
		{77C78161-3206-45FD-A419-60218F3354C0}.Release|Any CPU.Build.0 = Release|Any CPU
		{77C78161-3206-45FD-A419-60218F3354C0}.Release|x86.ActiveCfg = Release|Any CPU
		{77C78161-3206-45FD-A419-60218F3354C0}.UseCaptureCardDefinitions|Any CPU.ActiveCfg = Release|Any CPU
		{77C78161-3206-45FD-A419-60218F3354C0}.UseCaptureCardDefinitions|Any CPU.Build.0 = Release|Any CPU
		{77C78161-3206-45FD-A419-60218F3354C0}.UseCaptureCardDefinitions|x86.ActiveCfg = Release|Any CPU
		{77C78161-3206-45FD-A419-60218F3354C0}.UseCaptureDefintionsRelease|Any CPU.ActiveCfg = Release|Any CPU
		{77C78161-3206-45FD-A419-60218F3354C0}.UseCaptureDefintionsRelease|Any CPU.Build.0 = Release|Any CPU
		{77C78161-3206-45FD-A419-60218F3354C0}.UseCaptureDefintionsRelease|x86.ActiveCfg = Release|Any CPU
		{02FFFC1F-2555-4B99-8B01-3432D0673855}.Debug|Any CPU.ActiveCfg = Debug|Any CPU
		{02FFFC1F-2555-4B99-8B01-3432D0673855}.Debug|Any CPU.Build.0 = Debug|Any CPU
		{02FFFC1F-2555-4B99-8B01-3432D0673855}.Debug|x86.ActiveCfg = Debug|x86
		{02FFFC1F-2555-4B99-8B01-3432D0673855}.Debug|x86.Build.0 = Debug|x86
		{02FFFC1F-2555-4B99-8B01-3432D0673855}.Release (Standalone)|Any CPU.ActiveCfg = Release (Standalone)|Any CPU
		{02FFFC1F-2555-4B99-8B01-3432D0673855}.Release (Standalone)|Any CPU.Build.0 = Release (Standalone)|Any CPU
		{02FFFC1F-2555-4B99-8B01-3432D0673855}.Release (Standalone)|x86.ActiveCfg = Release (Standalone)|x86
		{02FFFC1F-2555-4B99-8B01-3432D0673855}.Release (Standalone)|x86.Build.0 = Release (Standalone)|x86
		{02FFFC1F-2555-4B99-8B01-3432D0673855}.Release|Any CPU.ActiveCfg = Release|Any CPU
		{02FFFC1F-2555-4B99-8B01-3432D0673855}.Release|Any CPU.Build.0 = Release|Any CPU
		{02FFFC1F-2555-4B99-8B01-3432D0673855}.Release|x86.ActiveCfg = Release|x86
		{02FFFC1F-2555-4B99-8B01-3432D0673855}.Release|x86.Build.0 = Release|x86
		{02FFFC1F-2555-4B99-8B01-3432D0673855}.UseCaptureCardDefinitions|Any CPU.ActiveCfg = UseCaptureCardDefinitions|Any CPU
		{02FFFC1F-2555-4B99-8B01-3432D0673855}.UseCaptureCardDefinitions|Any CPU.Build.0 = UseCaptureCardDefinitions|Any CPU
		{02FFFC1F-2555-4B99-8B01-3432D0673855}.UseCaptureCardDefinitions|x86.ActiveCfg = UseCaptureCardDefinitions|x86
		{02FFFC1F-2555-4B99-8B01-3432D0673855}.UseCaptureCardDefinitions|x86.Build.0 = UseCaptureCardDefinitions|x86
		{02FFFC1F-2555-4B99-8B01-3432D0673855}.UseCaptureDefintionsRelease|Any CPU.ActiveCfg = UseCaptureDefintionsRelease|Any CPU
		{02FFFC1F-2555-4B99-8B01-3432D0673855}.UseCaptureDefintionsRelease|Any CPU.Build.0 = UseCaptureDefintionsRelease|Any CPU
		{02FFFC1F-2555-4B99-8B01-3432D0673855}.UseCaptureDefintionsRelease|x86.ActiveCfg = UseCaptureDefintionsRelease|x86
		{02FFFC1F-2555-4B99-8B01-3432D0673855}.UseCaptureDefintionsRelease|x86.Build.0 = UseCaptureDefintionsRelease|x86
		{396C5208-5D46-4A11-92C1-FD0F2F42D7DD}.Debug|Any CPU.ActiveCfg = Debug|Any CPU
		{396C5208-5D46-4A11-92C1-FD0F2F42D7DD}.Debug|Any CPU.Build.0 = Debug|Any CPU
		{396C5208-5D46-4A11-92C1-FD0F2F42D7DD}.Debug|x86.ActiveCfg = Debug|x86
		{396C5208-5D46-4A11-92C1-FD0F2F42D7DD}.Debug|x86.Build.0 = Debug|x86
		{396C5208-5D46-4A11-92C1-FD0F2F42D7DD}.Release (Standalone)|Any CPU.ActiveCfg = Release|x86
		{396C5208-5D46-4A11-92C1-FD0F2F42D7DD}.Release (Standalone)|x86.ActiveCfg = Release|x86
		{396C5208-5D46-4A11-92C1-FD0F2F42D7DD}.Release (Standalone)|x86.Build.0 = Release|x86
		{396C5208-5D46-4A11-92C1-FD0F2F42D7DD}.Release|Any CPU.ActiveCfg = Release|Any CPU
		{396C5208-5D46-4A11-92C1-FD0F2F42D7DD}.Release|Any CPU.Build.0 = Release|Any CPU
		{396C5208-5D46-4A11-92C1-FD0F2F42D7DD}.Release|x86.ActiveCfg = Release|x86
		{396C5208-5D46-4A11-92C1-FD0F2F42D7DD}.Release|x86.Build.0 = Release|x86
		{396C5208-5D46-4A11-92C1-FD0F2F42D7DD}.UseCaptureCardDefinitions|Any CPU.ActiveCfg = Release|x86
		{396C5208-5D46-4A11-92C1-FD0F2F42D7DD}.UseCaptureCardDefinitions|x86.ActiveCfg = Release|x86
		{396C5208-5D46-4A11-92C1-FD0F2F42D7DD}.UseCaptureCardDefinitions|x86.Build.0 = Release|x86
		{396C5208-5D46-4A11-92C1-FD0F2F42D7DD}.UseCaptureDefintionsRelease|Any CPU.ActiveCfg = Release|Any CPU
		{396C5208-5D46-4A11-92C1-FD0F2F42D7DD}.UseCaptureDefintionsRelease|Any CPU.Build.0 = Release|Any CPU
		{396C5208-5D46-4A11-92C1-FD0F2F42D7DD}.UseCaptureDefintionsRelease|x86.ActiveCfg = Release|x86
		{396C5208-5D46-4A11-92C1-FD0F2F42D7DD}.UseCaptureDefintionsRelease|x86.Build.0 = Release|x86
		{6DA0E4DF-6230-4642-98B5-E690BB6942BB}.Debug|Any CPU.ActiveCfg = Debug|Any CPU
		{6DA0E4DF-6230-4642-98B5-E690BB6942BB}.Debug|Any CPU.Build.0 = Debug|Any CPU
		{6DA0E4DF-6230-4642-98B5-E690BB6942BB}.Debug|x86.ActiveCfg = Debug|x86
		{6DA0E4DF-6230-4642-98B5-E690BB6942BB}.Debug|x86.Build.0 = Debug|x86
		{6DA0E4DF-6230-4642-98B5-E690BB6942BB}.Release (Standalone)|Any CPU.ActiveCfg = Release|x86
		{6DA0E4DF-6230-4642-98B5-E690BB6942BB}.Release (Standalone)|x86.ActiveCfg = Release|x86
		{6DA0E4DF-6230-4642-98B5-E690BB6942BB}.Release (Standalone)|x86.Build.0 = Release|x86
		{6DA0E4DF-6230-4642-98B5-E690BB6942BB}.Release|Any CPU.ActiveCfg = Release|Any CPU
		{6DA0E4DF-6230-4642-98B5-E690BB6942BB}.Release|Any CPU.Build.0 = Release|Any CPU
		{6DA0E4DF-6230-4642-98B5-E690BB6942BB}.Release|x86.ActiveCfg = Release|x86
		{6DA0E4DF-6230-4642-98B5-E690BB6942BB}.Release|x86.Build.0 = Release|x86
		{6DA0E4DF-6230-4642-98B5-E690BB6942BB}.UseCaptureCardDefinitions|Any CPU.ActiveCfg = Release|x86
		{6DA0E4DF-6230-4642-98B5-E690BB6942BB}.UseCaptureCardDefinitions|x86.ActiveCfg = Release|x86
		{6DA0E4DF-6230-4642-98B5-E690BB6942BB}.UseCaptureCardDefinitions|x86.Build.0 = Release|x86
		{6DA0E4DF-6230-4642-98B5-E690BB6942BB}.UseCaptureDefintionsRelease|Any CPU.ActiveCfg = Release|Any CPU
		{6DA0E4DF-6230-4642-98B5-E690BB6942BB}.UseCaptureDefintionsRelease|Any CPU.Build.0 = Release|Any CPU
		{6DA0E4DF-6230-4642-98B5-E690BB6942BB}.UseCaptureDefintionsRelease|x86.ActiveCfg = Release|x86
		{6DA0E4DF-6230-4642-98B5-E690BB6942BB}.UseCaptureDefintionsRelease|x86.Build.0 = Release|x86
		{0A234721-1F13-4DF8-9B1E-64D9E3111203}.Debug|Any CPU.ActiveCfg = Debug|Any CPU
		{0A234721-1F13-4DF8-9B1E-64D9E3111203}.Debug|Any CPU.Build.0 = Debug|Any CPU
		{0A234721-1F13-4DF8-9B1E-64D9E3111203}.Debug|x86.ActiveCfg = Debug|x86
		{0A234721-1F13-4DF8-9B1E-64D9E3111203}.Debug|x86.Build.0 = Debug|x86
		{0A234721-1F13-4DF8-9B1E-64D9E3111203}.Release (Standalone)|Any CPU.ActiveCfg = Release|x86
		{0A234721-1F13-4DF8-9B1E-64D9E3111203}.Release (Standalone)|x86.ActiveCfg = Release|x86
		{0A234721-1F13-4DF8-9B1E-64D9E3111203}.Release (Standalone)|x86.Build.0 = Release|x86
		{0A234721-1F13-4DF8-9B1E-64D9E3111203}.Release|Any CPU.ActiveCfg = Release|Any CPU
		{0A234721-1F13-4DF8-9B1E-64D9E3111203}.Release|Any CPU.Build.0 = Release|Any CPU
		{0A234721-1F13-4DF8-9B1E-64D9E3111203}.Release|x86.ActiveCfg = Release|x86
		{0A234721-1F13-4DF8-9B1E-64D9E3111203}.Release|x86.Build.0 = Release|x86
		{0A234721-1F13-4DF8-9B1E-64D9E3111203}.UseCaptureCardDefinitions|Any CPU.ActiveCfg = Release|x86
		{0A234721-1F13-4DF8-9B1E-64D9E3111203}.UseCaptureCardDefinitions|x86.ActiveCfg = Release|x86
		{0A234721-1F13-4DF8-9B1E-64D9E3111203}.UseCaptureCardDefinitions|x86.Build.0 = Release|x86
		{0A234721-1F13-4DF8-9B1E-64D9E3111203}.UseCaptureDefintionsRelease|Any CPU.ActiveCfg = Release|Any CPU
		{0A234721-1F13-4DF8-9B1E-64D9E3111203}.UseCaptureDefintionsRelease|Any CPU.Build.0 = Release|Any CPU
		{0A234721-1F13-4DF8-9B1E-64D9E3111203}.UseCaptureDefintionsRelease|x86.ActiveCfg = Release|x86
		{0A234721-1F13-4DF8-9B1E-64D9E3111203}.UseCaptureDefintionsRelease|x86.Build.0 = Release|x86
		{CE009BFA-5EF6-4153-B2A1-2FA79698A9AE}.Debug|Any CPU.ActiveCfg = Debug|Any CPU
		{CE009BFA-5EF6-4153-B2A1-2FA79698A9AE}.Debug|Any CPU.Build.0 = Debug|Any CPU
		{CE009BFA-5EF6-4153-B2A1-2FA79698A9AE}.Debug|x86.ActiveCfg = Debug|x86
		{CE009BFA-5EF6-4153-B2A1-2FA79698A9AE}.Debug|x86.Build.0 = Debug|x86
		{CE009BFA-5EF6-4153-B2A1-2FA79698A9AE}.Release (Standalone)|Any CPU.ActiveCfg = Release|x86
		{CE009BFA-5EF6-4153-B2A1-2FA79698A9AE}.Release (Standalone)|x86.ActiveCfg = Release|x86
		{CE009BFA-5EF6-4153-B2A1-2FA79698A9AE}.Release (Standalone)|x86.Build.0 = Release|x86
		{CE009BFA-5EF6-4153-B2A1-2FA79698A9AE}.Release|Any CPU.ActiveCfg = Release|Any CPU
		{CE009BFA-5EF6-4153-B2A1-2FA79698A9AE}.Release|Any CPU.Build.0 = Release|Any CPU
		{CE009BFA-5EF6-4153-B2A1-2FA79698A9AE}.Release|x86.ActiveCfg = Release|x86
		{CE009BFA-5EF6-4153-B2A1-2FA79698A9AE}.Release|x86.Build.0 = Release|x86
		{CE009BFA-5EF6-4153-B2A1-2FA79698A9AE}.UseCaptureCardDefinitions|Any CPU.ActiveCfg = Release|x86
		{CE009BFA-5EF6-4153-B2A1-2FA79698A9AE}.UseCaptureCardDefinitions|x86.ActiveCfg = Release|x86
		{CE009BFA-5EF6-4153-B2A1-2FA79698A9AE}.UseCaptureCardDefinitions|x86.Build.0 = Release|x86
		{CE009BFA-5EF6-4153-B2A1-2FA79698A9AE}.UseCaptureDefintionsRelease|Any CPU.ActiveCfg = Release|Any CPU
		{CE009BFA-5EF6-4153-B2A1-2FA79698A9AE}.UseCaptureDefintionsRelease|Any CPU.Build.0 = Release|Any CPU
		{CE009BFA-5EF6-4153-B2A1-2FA79698A9AE}.UseCaptureDefintionsRelease|x86.ActiveCfg = Release|x86
		{CE009BFA-5EF6-4153-B2A1-2FA79698A9AE}.UseCaptureDefintionsRelease|x86.Build.0 = Release|x86
		{C1BCEC3E-6074-4328-B5D9-391A457C8FFB}.Debug|Any CPU.ActiveCfg = Debug|Any CPU
		{C1BCEC3E-6074-4328-B5D9-391A457C8FFB}.Debug|Any CPU.Build.0 = Debug|Any CPU
		{C1BCEC3E-6074-4328-B5D9-391A457C8FFB}.Debug|x86.ActiveCfg = Debug|x86
		{C1BCEC3E-6074-4328-B5D9-391A457C8FFB}.Debug|x86.Build.0 = Debug|x86
		{C1BCEC3E-6074-4328-B5D9-391A457C8FFB}.Release (Standalone)|Any CPU.ActiveCfg = Release|x86
		{C1BCEC3E-6074-4328-B5D9-391A457C8FFB}.Release (Standalone)|x86.ActiveCfg = Release|x86
		{C1BCEC3E-6074-4328-B5D9-391A457C8FFB}.Release (Standalone)|x86.Build.0 = Release|x86
		{C1BCEC3E-6074-4328-B5D9-391A457C8FFB}.Release|Any CPU.ActiveCfg = Release|Any CPU
		{C1BCEC3E-6074-4328-B5D9-391A457C8FFB}.Release|Any CPU.Build.0 = Release|Any CPU
		{C1BCEC3E-6074-4328-B5D9-391A457C8FFB}.Release|x86.ActiveCfg = Release|x86
		{C1BCEC3E-6074-4328-B5D9-391A457C8FFB}.Release|x86.Build.0 = Release|x86
		{C1BCEC3E-6074-4328-B5D9-391A457C8FFB}.UseCaptureCardDefinitions|Any CPU.ActiveCfg = UseCaptureCardDefinitions|Any CPU
		{C1BCEC3E-6074-4328-B5D9-391A457C8FFB}.UseCaptureCardDefinitions|Any CPU.Build.0 = UseCaptureCardDefinitions|Any CPU
		{C1BCEC3E-6074-4328-B5D9-391A457C8FFB}.UseCaptureCardDefinitions|x86.ActiveCfg = UseCaptureCardDefinitions|x86
		{C1BCEC3E-6074-4328-B5D9-391A457C8FFB}.UseCaptureCardDefinitions|x86.Build.0 = UseCaptureCardDefinitions|x86
		{C1BCEC3E-6074-4328-B5D9-391A457C8FFB}.UseCaptureDefintionsRelease|Any CPU.ActiveCfg = UseCaptureDefintionsRelease|Any CPU
		{C1BCEC3E-6074-4328-B5D9-391A457C8FFB}.UseCaptureDefintionsRelease|Any CPU.Build.0 = UseCaptureDefintionsRelease|Any CPU
		{C1BCEC3E-6074-4328-B5D9-391A457C8FFB}.UseCaptureDefintionsRelease|x86.ActiveCfg = UseCaptureDefintionsRelease|x86
		{C1BCEC3E-6074-4328-B5D9-391A457C8FFB}.UseCaptureDefintionsRelease|x86.Build.0 = UseCaptureDefintionsRelease|x86
		{BD4A3413-C9F9-4299-BB52-ED45027EE7CC}.Debug|Any CPU.ActiveCfg = Debug|Any CPU
		{BD4A3413-C9F9-4299-BB52-ED45027EE7CC}.Debug|Any CPU.Build.0 = Debug|Any CPU
		{BD4A3413-C9F9-4299-BB52-ED45027EE7CC}.Debug|x86.ActiveCfg = Debug|x86
		{BD4A3413-C9F9-4299-BB52-ED45027EE7CC}.Debug|x86.Build.0 = Debug|x86
		{BD4A3413-C9F9-4299-BB52-ED45027EE7CC}.Release (Standalone)|Any CPU.ActiveCfg = Release|x86
		{BD4A3413-C9F9-4299-BB52-ED45027EE7CC}.Release (Standalone)|x86.ActiveCfg = Release|x86
		{BD4A3413-C9F9-4299-BB52-ED45027EE7CC}.Release (Standalone)|x86.Build.0 = Release|x86
		{BD4A3413-C9F9-4299-BB52-ED45027EE7CC}.Release|Any CPU.ActiveCfg = Release|Any CPU
		{BD4A3413-C9F9-4299-BB52-ED45027EE7CC}.Release|Any CPU.Build.0 = Release|Any CPU
		{BD4A3413-C9F9-4299-BB52-ED45027EE7CC}.Release|x86.ActiveCfg = Release|x86
		{BD4A3413-C9F9-4299-BB52-ED45027EE7CC}.Release|x86.Build.0 = Release|x86
		{BD4A3413-C9F9-4299-BB52-ED45027EE7CC}.UseCaptureCardDefinitions|Any CPU.ActiveCfg = Release|x86
		{BD4A3413-C9F9-4299-BB52-ED45027EE7CC}.UseCaptureCardDefinitions|x86.ActiveCfg = Release|x86
		{BD4A3413-C9F9-4299-BB52-ED45027EE7CC}.UseCaptureCardDefinitions|x86.Build.0 = Release|x86
		{BD4A3413-C9F9-4299-BB52-ED45027EE7CC}.UseCaptureDefintionsRelease|Any CPU.ActiveCfg = Release|Any CPU
		{BD4A3413-C9F9-4299-BB52-ED45027EE7CC}.UseCaptureDefintionsRelease|Any CPU.Build.0 = Release|Any CPU
		{BD4A3413-C9F9-4299-BB52-ED45027EE7CC}.UseCaptureDefintionsRelease|x86.ActiveCfg = Release|x86
		{BD4A3413-C9F9-4299-BB52-ED45027EE7CC}.UseCaptureDefintionsRelease|x86.Build.0 = Release|x86
	EndGlobalSection
	GlobalSection(SolutionProperties) = preSolution
		HideSolutionNode = FALSE
	EndGlobalSection
	GlobalSection(NestedProjects) = preSolution
		{14201B8D-31C3-4FB5-9356-9485676C147B} = {1E624E11-DCBE-4918-986C-7BD22EFA705A}
		{77C78161-3206-45FD-A419-60218F3354C0} = {1E624E11-DCBE-4918-986C-7BD22EFA705A}
		{443F8F2C-44D2-47FB-B552-636664C8EC53} = {1E624E11-DCBE-4918-986C-7BD22EFA705A}
		{02FFFC1F-2555-4B99-8B01-3432D0673855} = {5E839D1D-0F2E-49D2-B002-2E42C0638BD8}
		{396C5208-5D46-4A11-92C1-FD0F2F42D7DD} = {5E839D1D-0F2E-49D2-B002-2E42C0638BD8}
		{6DA0E4DF-6230-4642-98B5-E690BB6942BB} = {5E839D1D-0F2E-49D2-B002-2E42C0638BD8}
		{0A234721-1F13-4DF8-9B1E-64D9E3111203} = {5E839D1D-0F2E-49D2-B002-2E42C0638BD8}
		{CE009BFA-5EF6-4153-B2A1-2FA79698A9AE} = {5E839D1D-0F2E-49D2-B002-2E42C0638BD8}
		{C1BCEC3E-6074-4328-B5D9-391A457C8FFB} = {5E839D1D-0F2E-49D2-B002-2E42C0638BD8}
		{BD4A3413-C9F9-4299-BB52-ED45027EE7CC} = {5E839D1D-0F2E-49D2-B002-2E42C0638BD8}
	EndGlobalSection
EndGlobal
