
Microsoft Visual Studio Solution File, Format Version 11.00
# Visual Studio 2010
Project("{FAE04EC0-301F-11D3-BF4B-00C04F79EFBC}") = "SubCentral", "SubCentral\SubCentral.csproj", "{7532711D-827C-4CFE-A499-EE68DBB31F41}"
EndProject
Project("{FAE04EC0-301F-11D3-BF4B-00C04F79EFBC}") = "SubCentralConfigTester", "SubCentralConfigTester\SubCentralConfigTester.csproj", "{7A590A66-ACB8-4D0B-8155-908E09B40ACF}"
EndProject
Global
	GlobalSection(SolutionConfigurationPlatforms) = preSolution
		Debug|Any CPU = Debug|Any CPU
		Debug|x86 = Debug|x86
		Release|Any CPU = Release|Any CPU
		Release|x86 = Release|x86
	EndGlobalSection
	GlobalSection(ProjectConfigurationPlatforms) = postSolution
		{7532711D-827C-4CFE-A499-EE68DBB31F41}.Debug|Any CPU.ActiveCfg = Debug|Any CPU
		{7532711D-827C-4CFE-A499-EE68DBB31F41}.Debug|Any CPU.Build.0 = Debug|Any CPU
		{7532711D-827C-4CFE-A499-EE68DBB31F41}.Debug|x86.ActiveCfg = Debug|Any CPU
		{7532711D-827C-4CFE-A499-EE68DBB31F41}.Release|Any CPU.ActiveCfg = Release|Any CPU
		{7532711D-827C-4CFE-A499-EE68DBB31F41}.Release|Any CPU.Build.0 = Release|Any CPU
		{7532711D-827C-4CFE-A499-EE68DBB31F41}.Release|x86.ActiveCfg = Release|Any CPU
		{7A590A66-ACB8-4D0B-8155-908E09B40ACF}.Debug|Any CPU.ActiveCfg = Debug|Any CPU
		{7A590A66-ACB8-4D0B-8155-908E09B40ACF}.Debug|Any CPU.Build.0 = Debug|Any CPU
		{7A590A66-ACB8-4D0B-8155-908E09B40ACF}.Debug|x86.ActiveCfg = Debug|Any CPU
		{7A590A66-ACB8-4D0B-8155-908E09B40ACF}.Release|Any CPU.ActiveCfg = Release|Any CPU
		{7A590A66-ACB8-4D0B-8155-908E09B40ACF}.Release|Any CPU.Build.0 = Release|Any CPU
		{7A590A66-ACB8-4D0B-8155-908E09B40ACF}.Release|x86.ActiveCfg = Release|Any CPU
	EndGlobalSection
	GlobalSection(SolutionProperties) = preSolution
		HideSolutionNode = FALSE
	EndGlobalSection
EndGlobal
